
Microsoft Visual Studio Solution File, Format Version 12.00
# Visual Studio Version 17
VisualStudioVersion = 17.0.32112.339
MinimumVisualStudioVersion = 10.0.40219.1
Project("{9A19103F-16F7-4668-BE54-9A1E7A4F7556}") = "GroceryStore", "GroceryStore\GroceryStore.csproj", "{CD93393A-99EB-4691-BE4F-83256F246C9B}"
EndProject
Project("{FAE04EC0-301F-11D3-BF4B-00C04F79EFBC}") = "GroceryStoreUserInterface", "GroceryStoreUserInterface\GroceryStoreUserInterface.csproj", "{186FB9B2-63CB-4C1C-BE0C-6E8CA6F33743}"
EndProject
Global
	GlobalSection(SolutionConfigurationPlatforms) = preSolution
		Debug|Any CPU = Debug|Any CPU
		Release|Any CPU = Release|Any CPU
	EndGlobalSection
	GlobalSection(ProjectConfigurationPlatforms) = postSolution
		{CD93393A-99EB-4691-BE4F-83256F246C9B}.Debug|Any CPU.ActiveCfg = Debug|Any CPU
		{CD93393A-99EB-4691-BE4F-83256F246C9B}.Debug|Any CPU.Build.0 = Debug|Any CPU
		{CD93393A-99EB-4691-BE4F-83256F246C9B}.Release|Any CPU.ActiveCfg = Release|Any CPU
		{CD93393A-99EB-4691-BE4F-83256F246C9B}.Release|Any CPU.Build.0 = Release|Any CPU
		{186FB9B2-63CB-4C1C-BE0C-6E8CA6F33743}.Debug|Any CPU.ActiveCfg = Debug|Any CPU
		{186FB9B2-63CB-4C1C-BE0C-6E8CA6F33743}.Debug|Any CPU.Build.0 = Debug|Any CPU
		{186FB9B2-63CB-4C1C-BE0C-6E8CA6F33743}.Release|Any CPU.ActiveCfg = Release|Any CPU
		{186FB9B2-63CB-4C1C-BE0C-6E8CA6F33743}.Release|Any CPU.Build.0 = Release|Any CPU
	EndGlobalSection
	GlobalSection(SolutionProperties) = preSolution
		HideSolutionNode = FALSE
	EndGlobalSection
	GlobalSection(ExtensibilityGlobals) = postSolution
		SolutionGuid = {1818B9E7-0C30-41E5-BF83-BE38D1933F55}
	EndGlobalSection
EndGlobal
